// !$*UTF8*$!
{
	archiveVersion = 1;
	classes = {
	};
	objectVersion = 55;
	objects = {

/* Begin PBXBuildFile section */
		BD045519276946D900E8FD31 /* HomeView.swift in Sources */ = {isa = PBXBuildFile; fileRef = BD045518276946D900E8FD31 /* HomeView.swift */; };
		BD04551C27694AB400E8FD31 /* BusinessList.swift in Sources */ = {isa = PBXBuildFile; fileRef = BD04551B27694AB400E8FD31 /* BusinessList.swift */; };
		BD04551E27694DF600E8FD31 /* BusinessSectionHeader.swift in Sources */ = {isa = PBXBuildFile; fileRef = BD04551D27694DF600E8FD31 /* BusinessSectionHeader.swift */; };
		BD0455202769508B00E8FD31 /* BusinessSection.swift in Sources */ = {isa = PBXBuildFile; fileRef = BD04551F2769508B00E8FD31 /* BusinessSection.swift */; };
		BD42EEA2277271AE007191CC /* BusinessMap.swift in Sources */ = {isa = PBXBuildFile; fileRef = BD42EEA1277271AE007191CC /* BusinessMap.swift */; };
		BD5745BE276FA08D0022B09D /* BusinessRow.swift in Sources */ = {isa = PBXBuildFile; fileRef = BD5745BD276FA08D0022B09D /* BusinessRow.swift */; };
		BD5745C1276FBE4B0022B09D /* BusinessDetail.swift in Sources */ = {isa = PBXBuildFile; fileRef = BD5745C0276FBE4B0022B09D /* BusinessDetail.swift */; };
		BD6052D027A0758E00C183A9 /* DirectionsView.swift in Sources */ = {isa = PBXBuildFile; fileRef = BD6052CF27A0758E00C183A9 /* DirectionsView.swift */; };
		BD6052D227A075DE00C183A9 /* BusinessTitle.swift in Sources */ = {isa = PBXBuildFile; fileRef = BD6052D127A075DE00C183A9 /* BusinessTitle.swift */; };
		BD6052D427A0796A00C183A9 /* DirectionsMap.swift in Sources */ = {isa = PBXBuildFile; fileRef = BD6052D327A0796A00C183A9 /* DirectionsMap.swift */; };
		BDBA0FDB2765217200C26111 /* CitySightsApp.swift in Sources */ = {isa = PBXBuildFile; fileRef = BDBA0FDA2765217200C26111 /* CitySightsApp.swift */; };
		BDBA0FDD2765217200C26111 /* LaunchView.swift in Sources */ = {isa = PBXBuildFile; fileRef = BDBA0FDC2765217200C26111 /* LaunchView.swift */; };
		BDBA0FDF2765217500C26111 /* Assets.xcassets in Resources */ = {isa = PBXBuildFile; fileRef = BDBA0FDE2765217500C26111 /* Assets.xcassets */; };
		BDBA0FE22765217500C26111 /* Preview Assets.xcassets in Resources */ = {isa = PBXBuildFile; fileRef = BDBA0FE12765217500C26111 /* Preview Assets.xcassets */; };
		BDBA0FEE2765269900C26111 /* ContentModel.swift in Sources */ = {isa = PBXBuildFile; fileRef = BDBA0FED2765269900C26111 /* ContentModel.swift */; };
		BDBA0FF02765480B00C26111 /* Business.swift in Sources */ = {isa = PBXBuildFile; fileRef = BDBA0FEF2765480B00C26111 /* Business.swift */; };
		BDBA0FF2276549D000C26111 /* BusinessSearch.swift in Sources */ = {isa = PBXBuildFile; fileRef = BDBA0FF1276549D000C26111 /* BusinessSearch.swift */; };
		BDBA0FF527654DD800C26111 /* Constants.swift in Sources */ = {isa = PBXBuildFile; fileRef = BDBA0FF427654DD800C26111 /* Constants.swift */; };
/* End PBXBuildFile section */

/* Begin PBXFileReference section */
		BD045518276946D900E8FD31 /* HomeView.swift */ = {isa = PBXFileReference; lastKnownFileType = sourcecode.swift; path = HomeView.swift; sourceTree = "<group>"; };
		BD04551B27694AB400E8FD31 /* BusinessList.swift */ = {isa = PBXFileReference; lastKnownFileType = sourcecode.swift; path = BusinessList.swift; sourceTree = "<group>"; };
		BD04551D27694DF600E8FD31 /* BusinessSectionHeader.swift */ = {isa = PBXFileReference; lastKnownFileType = sourcecode.swift; path = BusinessSectionHeader.swift; sourceTree = "<group>"; };
		BD04551F2769508B00E8FD31 /* BusinessSection.swift */ = {isa = PBXFileReference; lastKnownFileType = sourcecode.swift; path = BusinessSection.swift; sourceTree = "<group>"; };
		BD42EEA1277271AE007191CC /* BusinessMap.swift */ = {isa = PBXFileReference; lastKnownFileType = sourcecode.swift; path = BusinessMap.swift; sourceTree = "<group>"; };
		BD5745BD276FA08D0022B09D /* BusinessRow.swift */ = {isa = PBXFileReference; lastKnownFileType = sourcecode.swift; path = BusinessRow.swift; sourceTree = "<group>"; };
		BD5745C0276FBE4B0022B09D /* BusinessDetail.swift */ = {isa = PBXFileReference; lastKnownFileType = sourcecode.swift; path = BusinessDetail.swift; sourceTree = "<group>"; };
		BD6052CF27A0758E00C183A9 /* DirectionsView.swift */ = {isa = PBXFileReference; lastKnownFileType = sourcecode.swift; path = DirectionsView.swift; sourceTree = "<group>"; };
		BD6052D127A075DE00C183A9 /* BusinessTitle.swift */ = {isa = PBXFileReference; lastKnownFileType = sourcecode.swift; path = BusinessTitle.swift; sourceTree = "<group>"; };
		BD6052D327A0796A00C183A9 /* DirectionsMap.swift */ = {isa = PBXFileReference; lastKnownFileType = sourcecode.swift; path = DirectionsMap.swift; sourceTree = "<group>"; };
		BDBA0FD72765217200C26111 /* City Sights App.app */ = {isa = PBXFileReference; explicitFileType = wrapper.application; includeInIndex = 0; path = "City Sights App.app"; sourceTree = BUILT_PRODUCTS_DIR; };
		BDBA0FDA2765217200C26111 /* CitySightsApp.swift */ = {isa = PBXFileReference; lastKnownFileType = sourcecode.swift; path = CitySightsApp.swift; sourceTree = "<group>"; };
		BDBA0FDC2765217200C26111 /* LaunchView.swift */ = {isa = PBXFileReference; lastKnownFileType = sourcecode.swift; path = LaunchView.swift; sourceTree = "<group>"; };
		BDBA0FDE2765217500C26111 /* Assets.xcassets */ = {isa = PBXFileReference; lastKnownFileType = folder.assetcatalog; path = Assets.xcassets; sourceTree = "<group>"; };
		BDBA0FE12765217500C26111 /* Preview Assets.xcassets */ = {isa = PBXFileReference; lastKnownFileType = folder.assetcatalog; path = "Preview Assets.xcassets"; sourceTree = "<group>"; };
		BDBA0FEB2765244400C26111 /* Info.plist */ = {isa = PBXFileReference; lastKnownFileType = text.plist.xml; path = Info.plist; sourceTree = "<group>"; };
		BDBA0FED2765269900C26111 /* ContentModel.swift */ = {isa = PBXFileReference; lastKnownFileType = sourcecode.swift; path = ContentModel.swift; sourceTree = "<group>"; };
		BDBA0FEF2765480B00C26111 /* Business.swift */ = {isa = PBXFileReference; lastKnownFileType = sourcecode.swift; path = Business.swift; sourceTree = "<group>"; };
		BDBA0FF1276549D000C26111 /* BusinessSearch.swift */ = {isa = PBXFileReference; lastKnownFileType = sourcecode.swift; path = BusinessSearch.swift; sourceTree = "<group>"; };
		BDBA0FF427654DD800C26111 /* Constants.swift */ = {isa = PBXFileReference; lastKnownFileType = sourcecode.swift; path = Constants.swift; sourceTree = "<group>"; };
/* End PBXFileReference section */

/* Begin PBXFrameworksBuildPhase section */
		BDBA0FD42765217200C26111 /* Frameworks */ = {
			isa = PBXFrameworksBuildPhase;
			buildActionMask = 2147483647;
			files = (
			);
			runOnlyForDeploymentPostprocessing = 0;
		};
/* End PBXFrameworksBuildPhase section */

/* Begin PBXGroup section */
		BD0455142769468700E8FD31 /* Home */ = {
			isa = PBXGroup;
			children = (
				BD045518276946D900E8FD31 /* HomeView.swift */,
				BD5745BF276FBE380022B09D /* Detail */,
				BD42EEA027727173007191CC /* Map */,
				BD04551A27694AA500E8FD31 /* List */,
			);
			path = Home;
			sourceTree = "<group>";
		};
		BD0455162769469700E8FD31 /* Denied */ = {
			isa = PBXGroup;
			children = (
			);
			path = Denied;
			sourceTree = "<group>";
		};
		BD045517276946B600E8FD31 /* Onboarding */ = {
			isa = PBXGroup;
			children = (
			);
			path = Onboarding;
			sourceTree = "<group>";
		};
		BD04551A27694AA500E8FD31 /* List */ = {
			isa = PBXGroup;
			children = (
				BD04551B27694AB400E8FD31 /* BusinessList.swift */,
				BD04551D27694DF600E8FD31 /* BusinessSectionHeader.swift */,
				BD04551F2769508B00E8FD31 /* BusinessSection.swift */,
				BD5745BD276FA08D0022B09D /* BusinessRow.swift */,
			);
			path = List;
			sourceTree = "<group>";
		};
		BD42EEA027727173007191CC /* Map */ = {
			isa = PBXGroup;
			children = (
				BD42EEA1277271AE007191CC /* BusinessMap.swift */,
				BD6052D327A0796A00C183A9 /* DirectionsMap.swift */,
			);
			path = Map;
			sourceTree = "<group>";
		};
		BD5745BF276FBE380022B09D /* Detail */ = {
			isa = PBXGroup;
			children = (
				BD5745C0276FBE4B0022B09D /* BusinessDetail.swift */,
				BD6052CF27A0758E00C183A9 /* DirectionsView.swift */,
				BD6052D127A075DE00C183A9 /* BusinessTitle.swift */,
			);
			path = Detail;
			sourceTree = "<group>";
		};
		BDBA0FCE2765217200C26111 = {
			isa = PBXGroup;
			children = (
				BDBA0FEB2765244400C26111 /* Info.plist */,
				BDBA0FD92765217200C26111 /* City Sights App */,
				BDBA0FD82765217200C26111 /* Products */,
			);
			sourceTree = "<group>";
		};
		BDBA0FD82765217200C26111 /* Products */ = {
			isa = PBXGroup;
			children = (
				BDBA0FD72765217200C26111 /* City Sights App.app */,
			);
			name = Products;
			sourceTree = "<group>";
		};
		BDBA0FD92765217200C26111 /* City Sights App */ = {
			isa = PBXGroup;
			children = (
				BDBA0FDA2765217200C26111 /* CitySightsApp.swift */,
				BDBA0FEA276521B800C26111 /* Views */,
				BDBA0FE9276521B200C26111 /* ViewModels */,
				BDBA0FE8276521AC00C26111 /* Models */,
				BDBA0FF327654DC700C26111 /* Helpers */,
				BDBA0FDE2765217500C26111 /* Assets.xcassets */,
				BDBA0FE02765217500C26111 /* Preview Content */,
			);
			path = "City Sights App";
			sourceTree = "<group>";
		};
		BDBA0FE02765217500C26111 /* Preview Content */ = {
			isa = PBXGroup;
			children = (
				BDBA0FE12765217500C26111 /* Preview Assets.xcassets */,
			);
			path = "Preview Content";
			sourceTree = "<group>";
		};
		BDBA0FE8276521AC00C26111 /* Models */ = {
			isa = PBXGroup;
			children = (
				BDBA0FEF2765480B00C26111 /* Business.swift */,
				BDBA0FF1276549D000C26111 /* BusinessSearch.swift */,
			);
			path = Models;
			sourceTree = "<group>";
		};
		BDBA0FE9276521B200C26111 /* ViewModels */ = {
			isa = PBXGroup;
			children = (
				BDBA0FED2765269900C26111 /* ContentModel.swift */,
			);
			path = ViewModels;
			sourceTree = "<group>";
		};
		BDBA0FEA276521B800C26111 /* Views */ = {
			isa = PBXGroup;
			children = (
				BDBA0FDC2765217200C26111 /* LaunchView.swift */,
				BD0455142769468700E8FD31 /* Home */,
				BD045517276946B600E8FD31 /* Onboarding */,
				BD0455162769469700E8FD31 /* Denied */,
			);
			path = Views;
			sourceTree = "<group>";
		};
		BDBA0FF327654DC700C26111 /* Helpers */ = {
			isa = PBXGroup;
			children = (
				BDBA0FF427654DD800C26111 /* Constants.swift */,
			);
			path = Helpers;
			sourceTree = "<group>";
		};
/* End PBXGroup section */

/* Begin PBXNativeTarget section */
		BDBA0FD62765217200C26111 /* City Sights App */ = {
			isa = PBXNativeTarget;
			buildConfigurationList = BDBA0FE52765217500C26111 /* Build configuration list for PBXNativeTarget "City Sights App" */;
			buildPhases = (
				BDBA0FD32765217200C26111 /* Sources */,
				BDBA0FD42765217200C26111 /* Frameworks */,
				BDBA0FD52765217200C26111 /* Resources */,
			);
			buildRules = (
			);
			dependencies = (
			);
			name = "City Sights App";
			productName = "City Sights App";
			productReference = BDBA0FD72765217200C26111 /* City Sights App.app */;
			productType = "com.apple.product-type.application";
		};
/* End PBXNativeTarget section */

/* Begin PBXProject section */
		BDBA0FCF2765217200C26111 /* Project object */ = {
			isa = PBXProject;
			attributes = {
				BuildIndependentTargetsInParallel = 1;
				LastSwiftUpdateCheck = 1310;
				LastUpgradeCheck = 1310;
				TargetAttributes = {
					BDBA0FD62765217200C26111 = {
						CreatedOnToolsVersion = 13.1;
					};
				};
			};
			buildConfigurationList = BDBA0FD22765217200C26111 /* Build configuration list for PBXProject "City Sights App" */;
			compatibilityVersion = "Xcode 13.0";
			developmentRegion = en;
			hasScannedForEncodings = 0;
			knownRegions = (
				en,
				Base,
			);
			mainGroup = BDBA0FCE2765217200C26111;
			productRefGroup = BDBA0FD82765217200C26111 /* Products */;
			projectDirPath = "";
			projectRoot = "";
			targets = (
				BDBA0FD62765217200C26111 /* City Sights App */,
			);
		};
/* End PBXProject section */

/* Begin PBXResourcesBuildPhase section */
		BDBA0FD52765217200C26111 /* Resources */ = {
			isa = PBXResourcesBuildPhase;
			buildActionMask = 2147483647;
			files = (
				BDBA0FE22765217500C26111 /* Preview Assets.xcassets in Resources */,
				BDBA0FDF2765217500C26111 /* Assets.xcassets in Resources */,
			);
			runOnlyForDeploymentPostprocessing = 0;
		};
/* End PBXResourcesBuildPhase section */

/* Begin PBXSourcesBuildPhase section */
		BDBA0FD32765217200C26111 /* Sources */ = {
			isa = PBXSourcesBuildPhase;
			buildActionMask = 2147483647;
			files = (
				BD6052D427A0796A00C183A9 /* DirectionsMap.swift in Sources */,
				BDBA0FDD2765217200C26111 /* LaunchView.swift in Sources */,
				BD5745BE276FA08D0022B09D /* BusinessRow.swift in Sources */,
				BD6052D027A0758E00C183A9 /* DirectionsView.swift in Sources */,
				BD045519276946D900E8FD31 /* HomeView.swift in Sources */,
				BDBA0FF02765480B00C26111 /* Business.swift in Sources */,
				BD04551E27694DF600E8FD31 /* BusinessSectionHeader.swift in Sources */,
				BDBA0FDB2765217200C26111 /* CitySightsApp.swift in Sources */,
				BD5745C1276FBE4B0022B09D /* BusinessDetail.swift in Sources */,
				BDBA0FF2276549D000C26111 /* BusinessSearch.swift in Sources */,
				BD6052D227A075DE00C183A9 /* BusinessTitle.swift in Sources */,
				BD04551C27694AB400E8FD31 /* BusinessList.swift in Sources */,
				BD42EEA2277271AE007191CC /* BusinessMap.swift in Sources */,
				BD0455202769508B00E8FD31 /* BusinessSection.swift in Sources */,
				BDBA0FEE2765269900C26111 /* ContentModel.swift in Sources */,
				BDBA0FF527654DD800C26111 /* Constants.swift in Sources */,
			);
			runOnlyForDeploymentPostprocessing = 0;
		};
/* End PBXSourcesBuildPhase section */

/* Begin XCBuildConfiguration section */
		BDBA0FE32765217500C26111 /* Debug */ = {
			isa = XCBuildConfiguration;
			buildSettings = {
				ALWAYS_SEARCH_USER_PATHS = NO;
				CLANG_ANALYZER_NONNULL = YES;
				CLANG_ANALYZER_NUMBER_OBJECT_CONVERSION = YES_AGGRESSIVE;
				CLANG_CXX_LANGUAGE_STANDARD = "gnu++17";
				CLANG_CXX_LIBRARY = "libc++";
				CLANG_ENABLE_MODULES = YES;
				CLANG_ENABLE_OBJC_ARC = YES;
				CLANG_ENABLE_OBJC_WEAK = YES;
				CLANG_WARN_BLOCK_CAPTURE_AUTORELEASING = YES;
				CLANG_WARN_BOOL_CONVERSION = YES;
				CLANG_WARN_COMMA = YES;
				CLANG_WARN_CONSTANT_CONVERSION = YES;
				CLANG_WARN_DEPRECATED_OBJC_IMPLEMENTATIONS = YES;
				CLANG_WARN_DIRECT_OBJC_ISA_USAGE = YES_ERROR;
				CLANG_WARN_DOCUMENTATION_COMMENTS = YES;
				CLANG_WARN_EMPTY_BODY = YES;
				CLANG_WARN_ENUM_CONVERSION = YES;
				CLANG_WARN_INFINITE_RECURSION = YES;
				CLANG_WARN_INT_CONVERSION = YES;
				CLANG_WARN_NON_LITERAL_NULL_CONVERSION = YES;
				CLANG_WARN_OBJC_IMPLICIT_RETAIN_SELF = YES;
				CLANG_WARN_OBJC_LITERAL_CONVERSION = YES;
				CLANG_WARN_OBJC_ROOT_CLASS = YES_ERROR;
				CLANG_WARN_QUOTED_INCLUDE_IN_FRAMEWORK_HEADER = YES;
				CLANG_WARN_RANGE_LOOP_ANALYSIS = YES;
				CLANG_WARN_STRICT_PROTOTYPES = YES;
				CLANG_WARN_SUSPICIOUS_MOVE = YES;
				CLANG_WARN_UNGUARDED_AVAILABILITY = YES_AGGRESSIVE;
				CLANG_WARN_UNREACHABLE_CODE = YES;
				CLANG_WARN__DUPLICATE_METHOD_MATCH = YES;
				COPY_PHASE_STRIP = NO;
				DEBUG_INFORMATION_FORMAT = dwarf;
				ENABLE_STRICT_OBJC_MSGSEND = YES;
				ENABLE_TESTABILITY = YES;
				GCC_C_LANGUAGE_STANDARD = gnu11;
				GCC_DYNAMIC_NO_PIC = NO;
				GCC_NO_COMMON_BLOCKS = YES;
				GCC_OPTIMIZATION_LEVEL = 0;
				GCC_PREPROCESSOR_DEFINITIONS = (
					"DEBUG=1",
					"$(inherited)",
				);
				GCC_WARN_64_TO_32_BIT_CONVERSION = YES;
				GCC_WARN_ABOUT_RETURN_TYPE = YES_ERROR;
				GCC_WARN_UNDECLARED_SELECTOR = YES;
				GCC_WARN_UNINITIALIZED_AUTOS = YES_AGGRESSIVE;
				GCC_WARN_UNUSED_FUNCTION = YES;
				GCC_WARN_UNUSED_VARIABLE = YES;
				IPHONEOS_DEPLOYMENT_TARGET = 15.0;
				MTL_ENABLE_DEBUG_INFO = INCLUDE_SOURCE;
				MTL_FAST_MATH = YES;
				ONLY_ACTIVE_ARCH = YES;
				SDKROOT = iphoneos;
				SWIFT_ACTIVE_COMPILATION_CONDITIONS = DEBUG;
				SWIFT_OPTIMIZATION_LEVEL = "-Onone";
			};
			name = Debug;
		};
		BDBA0FE42765217500C26111 /* Release */ = {
			isa = XCBuildConfiguration;
			buildSettings = {
				ALWAYS_SEARCH_USER_PATHS = NO;
				CLANG_ANALYZER_NONNULL = YES;
				CLANG_ANALYZER_NUMBER_OBJECT_CONVERSION = YES_AGGRESSIVE;
				CLANG_CXX_LANGUAGE_STANDARD = "gnu++17";
				CLANG_CXX_LIBRARY = "libc++";
				CLANG_ENABLE_MODULES = YES;
				CLANG_ENABLE_OBJC_ARC = YES;
				CLANG_ENABLE_OBJC_WEAK = YES;
				CLANG_WARN_BLOCK_CAPTURE_AUTORELEASING = YES;
				CLANG_WARN_BOOL_CONVERSION = YES;
				CLANG_WARN_COMMA = YES;
				CLANG_WARN_CONSTANT_CONVERSION = YES;
				CLANG_WARN_DEPRECATED_OBJC_IMPLEMENTATIONS = YES;
				CLANG_WARN_DIRECT_OBJC_ISA_USAGE = YES_ERROR;
				CLANG_WARN_DOCUMENTATION_COMMENTS = YES;
				CLANG_WARN_EMPTY_BODY = YES;
				CLANG_WARN_ENUM_CONVERSION = YES;
				CLANG_WARN_INFINITE_RECURSION = YES;
				CLANG_WARN_INT_CONVERSION = YES;
				CLANG_WARN_NON_LITERAL_NULL_CONVERSION = YES;
				CLANG_WARN_OBJC_IMPLICIT_RETAIN_SELF = YES;
				CLANG_WARN_OBJC_LITERAL_CONVERSION = YES;
				CLANG_WARN_OBJC_ROOT_CLASS = YES_ERROR;
				CLANG_WARN_QUOTED_INCLUDE_IN_FRAMEWORK_HEADER = YES;
				CLANG_WARN_RANGE_LOOP_ANALYSIS = YES;
				CLANG_WARN_STRICT_PROTOTYPES = YES;
				CLANG_WARN_SUSPICIOUS_MOVE = YES;
				CLANG_WARN_UNGUARDED_AVAILABILITY = YES_AGGRESSIVE;
				CLANG_WARN_UNREACHABLE_CODE = YES;
				CLANG_WARN__DUPLICATE_METHOD_MATCH = YES;
				COPY_PHASE_STRIP = NO;
				DEBUG_INFORMATION_FORMAT = "dwarf-with-dsym";
				ENABLE_NS_ASSERTIONS = NO;
				ENABLE_STRICT_OBJC_MSGSEND = YES;
				GCC_C_LANGUAGE_STANDARD = gnu11;
				GCC_NO_COMMON_BLOCKS = YES;
				GCC_WARN_64_TO_32_BIT_CONVERSION = YES;
				GCC_WARN_ABOUT_RETURN_TYPE = YES_ERROR;
				GCC_WARN_UNDECLARED_SELECTOR = YES;
				GCC_WARN_UNINITIALIZED_AUTOS = YES_AGGRESSIVE;
				GCC_WARN_UNUSED_FUNCTION = YES;
				GCC_WARN_UNUSED_VARIABLE = YES;
				IPHONEOS_DEPLOYMENT_TARGET = 15.0;
				MTL_ENABLE_DEBUG_INFO = NO;
				MTL_FAST_MATH = YES;
				SDKROOT = iphoneos;
				SWIFT_COMPILATION_MODE = wholemodule;
				SWIFT_OPTIMIZATION_LEVEL = "-O";
				VALIDATE_PRODUCT = YES;
			};
			name = Release;
		};
		BDBA0FE62765217500C26111 /* Debug */ = {
			isa = XCBuildConfiguration;
			buildSettings = {
				ASSETCATALOG_COMPILER_APPICON_NAME = AppIcon;
				ASSETCATALOG_COMPILER_GLOBAL_ACCENT_COLOR_NAME = AccentColor;
				CODE_SIGN_STYLE = Automatic;
				CURRENT_PROJECT_VERSION = 1;
				DEVELOPMENT_ASSET_PATHS = "\"City Sights App/Preview Content\"";
				DEVELOPMENT_TEAM = 3GK85Y429W;
				ENABLE_PREVIEWS = YES;
				GENERATE_INFOPLIST_FILE = NO;
				INFOPLIST_FILE = "/Users/petermihok/Documents/PeterMihokPrivate/CWC/Module6/City Sights App/Info.plist";
				INFOPLIST_KEY_UIApplicationSceneManifest_Generation = YES;
				INFOPLIST_KEY_UIApplicationSupportsIndirectInputEvents = YES;
				INFOPLIST_KEY_UILaunchScreen_Generation = YES;
				INFOPLIST_KEY_UISupportedInterfaceOrientations_iPad = "UIInterfaceOrientationPortrait UIInterfaceOrientationPortraitUpsideDown UIInterfaceOrientationLandscapeLeft UIInterfaceOrientationLandscapeRight";
				INFOPLIST_KEY_UISupportedInterfaceOrientations_iPhone = "UIInterfaceOrientationPortrait UIInterfaceOrientationLandscapeLeft UIInterfaceOrientationLandscapeRight";
				LD_RUNPATH_SEARCH_PATHS = (
					"$(inherited)",
					"@executable_path/Frameworks",
				);
				MARKETING_VERSION = 1.0;
				PRODUCT_BUNDLE_IDENTIFIER = "com.peter-mihok.City-Sights-App";
				PRODUCT_NAME = "$(TARGET_NAME)";
				SWIFT_EMIT_LOC_STRINGS = YES;
				SWIFT_VERSION = 5.0;
				TARGETED_DEVICE_FAMILY = "1,2";
			};
			name = Debug;
		};
		BDBA0FE72765217500C26111 /* Release */ = {
			isa = XCBuildConfiguration;
			buildSettings = {
				ASSETCATALOG_COMPILER_APPICON_NAME = AppIcon;
				ASSETCATALOG_COMPILER_GLOBAL_ACCENT_COLOR_NAME = AccentColor;
				CODE_SIGN_STYLE = Automatic;
				CURRENT_PROJECT_VERSION = 1;
				DEVELOPMENT_ASSET_PATHS = "\"City Sights App/Preview Content\"";
				DEVELOPMENT_TEAM = 3GK85Y429W;
				ENABLE_PREVIEWS = YES;
				GENERATE_INFOPLIST_FILE = NO;
				INFOPLIST_FILE = "/Users/petermihok/Documents/PeterMihokPrivate/CWC/Module6/City Sights App/Info.plist";
				INFOPLIST_KEY_UIApplicationSceneManifest_Generation = YES;
				INFOPLIST_KEY_UIApplicationSupportsIndirectInputEvents = YES;
				INFOPLIST_KEY_UILaunchScreen_Generation = YES;
				INFOPLIST_KEY_UISupportedInterfaceOrientations_iPad = "UIInterfaceOrientationPortrait UIInterfaceOrientationPortraitUpsideDown UIInterfaceOrientationLandscapeLeft UIInterfaceOrientationLandscapeRight";
				INFOPLIST_KEY_UISupportedInterfaceOrientations_iPhone = "UIInterfaceOrientationPortrait UIInterfaceOrientationLandscapeLeft UIInterfaceOrientationLandscapeRight";
				LD_RUNPATH_SEARCH_PATHS = (
					"$(inherited)",
					"@executable_path/Frameworks",
				);
				MARKETING_VERSION = 1.0;
				PRODUCT_BUNDLE_IDENTIFIER = "com.peter-mihok.City-Sights-App";
				PRODUCT_NAME = "$(TARGET_NAME)";
				SWIFT_EMIT_LOC_STRINGS = YES;
				SWIFT_VERSION = 5.0;
				TARGETED_DEVICE_FAMILY = "1,2";
			};
			name = Release;
		};
/* End XCBuildConfiguration section */

/* Begin XCConfigurationList section */
		BDBA0FD22765217200C26111 /* Build configuration list for PBXProject "City Sights App" */ = {
			isa = XCConfigurationList;
			buildConfigurations = (
				BDBA0FE32765217500C26111 /* Debug */,
				BDBA0FE42765217500C26111 /* Release */,
			);
			defaultConfigurationIsVisible = 0;
			defaultConfigurationName = Release;
		};
		BDBA0FE52765217500C26111 /* Build configuration list for PBXNativeTarget "City Sights App" */ = {
			isa = XCConfigurationList;
			buildConfigurations = (
				BDBA0FE62765217500C26111 /* Debug */,
				BDBA0FE72765217500C26111 /* Release */,
			);
			defaultConfigurationIsVisible = 0;
			defaultConfigurationName = Release;
		};
/* End XCConfigurationList section */
	};
	rootObject = BDBA0FCF2765217200C26111 /* Project object */;
}
